
Microsoft Visual Studio Solution File, Format Version 12.00
# Visual Studio Version 16
VisualStudioVersion = 16.0.29613.14
MinimumVisualStudioVersion = 10.0.40219.1
Project("{9A19103F-16F7-4668-BE54-9A1E7A4F7556}") = "Emby2JellyfinWatchStatusMigrator", "Emby2JellyfinWatchStatusMigrator.csproj", "{4F9D924E-DE36-4E12-B28E-473C365978B5}"
EndProject
Global
	GlobalSection(SolutionConfigurationPlatforms) = preSolution
		Debug|Any CPU = Debug|Any CPU
		Release|Any CPU = Release|Any CPU
	EndGlobalSection
	GlobalSection(ProjectConfigurationPlatforms) = postSolution
		{4F9D924E-DE36-4E12-B28E-473C365978B5}.Debug|Any CPU.ActiveCfg = Debug|Any CPU
		{4F9D924E-DE36-4E12-B28E-473C365978B5}.Debug|Any CPU.Build.0 = Debug|Any CPU
		{4F9D924E-DE36-4E12-B28E-473C365978B5}.Release|Any CPU.ActiveCfg = Release|Any CPU
		{4F9D924E-DE36-4E12-B28E-473C365978B5}.Release|Any CPU.Build.0 = Release|Any CPU
	EndGlobalSection
	GlobalSection(SolutionProperties) = preSolution
		HideSolutionNode = FALSE
	EndGlobalSection
	GlobalSection(ExtensibilityGlobals) = postSolution
		SolutionGuid = {42B95F4C-25F0-44D0-87FE-C979BFED12AA}
	EndGlobalSection
EndGlobal
